
Microsoft Visual Studio Solution File, Format Version 12.00
# Visual Studio Version 16
VisualStudioVersion = 16.0.31205.134
MinimumVisualStudioVersion = 10.0.40219.1
Project("{FAE04EC0-301F-11D3-BF4B-00C04F79EFBC}") = "Manglietia", "Manglietia.csproj", "{69599219-0BB9-4FC0-A0FB-1B0AADF713C9}"
EndProject
Global
	GlobalSection(SolutionConfigurationPlatforms) = preSolution
		Debug|Any CPU = Debug|Any CPU
		Release|Any CPU = Release|Any CPU
	EndGlobalSection
	GlobalSection(ProjectConfigurationPlatforms) = postSolution
		{69599219-0BB9-4FC0-A0FB-1B0AADF713C9}.Debug|Any CPU.ActiveCfg = Debug|Any CPU
		{69599219-0BB9-4FC0-A0FB-1B0AADF713C9}.Debug|Any CPU.Build.0 = Debug|Any CPU
		{69599219-0BB9-4FC0-A0FB-1B0AADF713C9}.Release|Any CPU.ActiveCfg = Release|Any CPU
		{69599219-0BB9-4FC0-A0FB-1B0AADF713C9}.Release|Any CPU.Build.0 = Release|Any CPU
	EndGlobalSection
	GlobalSection(SolutionProperties) = preSolution
		HideSolutionNode = FALSE
	EndGlobalSection
	GlobalSection(ExtensibilityGlobals) = postSolution
		SolutionGuid = {A7D3D2C7-ED28-47B0-87CA-4AB57EB55D1C}
	EndGlobalSection
EndGlobal
