
Microsoft Visual Studio Solution File, Format Version 12.00
# Visual Studio Version 16
VisualStudioVersion = 16.0.31205.134
MinimumVisualStudioVersion = 10.0.40219.1
Project("{9A19103F-16F7-4668-BE54-9A1E7A4F7556}") = "Ecliptae.Lib", "Ecliptae.Lib\Ecliptae.Lib.csproj", "{93DEFAB9-BF8E-417B-8F0E-96DDC9F63DAA}"
EndProject
Project("{9A19103F-16F7-4668-BE54-9A1E7A4F7556}") = "Ecliptae.Wpf", "Ecliptae.Wpf\Ecliptae.Wpf.csproj", "{85661D2E-3883-4713-B041-544EEFF424A4}"
	ProjectSection(ProjectDependencies) = postProject
		{93DEFAB9-BF8E-417B-8F0E-96DDC9F63DAA} = {93DEFAB9-BF8E-417B-8F0E-96DDC9F63DAA}
	EndProjectSection
EndProject
Project("{9A19103F-16F7-4668-BE54-9A1E7A4F7556}") = "Ecliptae.Avalonia", "Ecliptae.Avalonia\Ecliptae.Avalonia.csproj", "{B6639908-CF6C-4873-B4EB-464E9079AA79}"
	ProjectSection(ProjectDependencies) = postProject
		{93DEFAB9-BF8E-417B-8F0E-96DDC9F63DAA} = {93DEFAB9-BF8E-417B-8F0E-96DDC9F63DAA}
	EndProjectSection
EndProject
Project("{9A19103F-16F7-4668-BE54-9A1E7A4F7556}") = "Ecliptae.Api", "Ecliptae.Api\Ecliptae.Api.csproj", "{7C41D5F5-133D-4AEB-AC4A-6DEC9ABD1071}"
	ProjectSection(ProjectDependencies) = postProject
		{93DEFAB9-BF8E-417B-8F0E-96DDC9F63DAA} = {93DEFAB9-BF8E-417B-8F0E-96DDC9F63DAA}
	EndProjectSection
EndProject
Project("{FAE04EC0-301F-11D3-BF4B-00C04F79EFBC}") = "Ecliptae.NUnit", "Ecliptae.NUnit\Ecliptae.NUnit.csproj", "{93635420-4651-4DE1-88CE-E5EE85CB6EAC}"
EndProject
Global
	GlobalSection(SolutionConfigurationPlatforms) = preSolution
		Debug|Any CPU = Debug|Any CPU
		Release|Any CPU = Release|Any CPU
	EndGlobalSection
	GlobalSection(ProjectConfigurationPlatforms) = postSolution
		{93DEFAB9-BF8E-417B-8F0E-96DDC9F63DAA}.Debug|Any CPU.ActiveCfg = Debug|Any CPU
		{93DEFAB9-BF8E-417B-8F0E-96DDC9F63DAA}.Debug|Any CPU.Build.0 = Debug|Any CPU
		{93DEFAB9-BF8E-417B-8F0E-96DDC9F63DAA}.Release|Any CPU.ActiveCfg = Release|Any CPU
		{93DEFAB9-BF8E-417B-8F0E-96DDC9F63DAA}.Release|Any CPU.Build.0 = Release|Any CPU
		{85661D2E-3883-4713-B041-544EEFF424A4}.Debug|Any CPU.ActiveCfg = Debug|Any CPU
		{85661D2E-3883-4713-B041-544EEFF424A4}.Debug|Any CPU.Build.0 = Debug|Any CPU
		{85661D2E-3883-4713-B041-544EEFF424A4}.Release|Any CPU.ActiveCfg = Release|Any CPU
		{85661D2E-3883-4713-B041-544EEFF424A4}.Release|Any CPU.Build.0 = Release|Any CPU
		{B6639908-CF6C-4873-B4EB-464E9079AA79}.Debug|Any CPU.ActiveCfg = Debug|Any CPU
		{B6639908-CF6C-4873-B4EB-464E9079AA79}.Debug|Any CPU.Build.0 = Debug|Any CPU
		{B6639908-CF6C-4873-B4EB-464E9079AA79}.Release|Any CPU.ActiveCfg = Release|Any CPU
		{B6639908-CF6C-4873-B4EB-464E9079AA79}.Release|Any CPU.Build.0 = Release|Any CPU
		{7C41D5F5-133D-4AEB-AC4A-6DEC9ABD1071}.Debug|Any CPU.ActiveCfg = Debug|Any CPU
		{7C41D5F5-133D-4AEB-AC4A-6DEC9ABD1071}.Debug|Any CPU.Build.0 = Debug|Any CPU
		{7C41D5F5-133D-4AEB-AC4A-6DEC9ABD1071}.Release|Any CPU.ActiveCfg = Release|Any CPU
		{7C41D5F5-133D-4AEB-AC4A-6DEC9ABD1071}.Release|Any CPU.Build.0 = Release|Any CPU
		{93635420-4651-4DE1-88CE-E5EE85CB6EAC}.Debug|Any CPU.ActiveCfg = Debug|Any CPU
		{93635420-4651-4DE1-88CE-E5EE85CB6EAC}.Debug|Any CPU.Build.0 = Debug|Any CPU
		{93635420-4651-4DE1-88CE-E5EE85CB6EAC}.Release|Any CPU.ActiveCfg = Release|Any CPU
		{93635420-4651-4DE1-88CE-E5EE85CB6EAC}.Release|Any CPU.Build.0 = Release|Any CPU
	EndGlobalSection
	GlobalSection(SolutionProperties) = preSolution
		HideSolutionNode = FALSE
	EndGlobalSection
	GlobalSection(ExtensibilityGlobals) = postSolution
		SolutionGuid = {2C7C9A8F-1014-4EBC-8E74-5454999F4846}
	EndGlobalSection
EndGlobal
